
Microsoft Visual Studio Solution File, Format Version 12.00
# Visual Studio Version 17
VisualStudioVersion = 17.0.31903.59
MinimumVisualStudioVersion = 10.0.40219.1
Project("{FAE04EC0-301F-11D3-BF4B-00C04F79EFBC}") = "EventManagementApi.API", "EventManagementApi.API\EventManagementApi.API.csproj", "{B85E7903-9649-4149-9875-BAC3CD8A02D9}"
EndProject
Project("{2150E333-8FDC-42A3-9474-1A3956D46DE8}") = "Core", "Core", "{07795D74-A982-4FC1-9D0F-C0E1D6E70240}"
EndProject
Project("{FAE04EC0-301F-11D3-BF4B-00C04F79EFBC}") = "EventManagementApi.Core.Domain", "Core\EventManagementApi.Core.Domain\EventManagementApi.Core.Domain.csproj", "{9EEDB9F8-D86A-4378-A491-2F2C80640539}"
EndProject
Project("{FAE04EC0-301F-11D3-BF4B-00C04F79EFBC}") = "EventManagementApi.Core.Application", "Core\EventManagementApi.Core.Application\EventManagementApi.Core.Application.csproj", "{94A2C6BF-4046-4C73-9871-409F06DD1078}"
EndProject
Project("{2150E333-8FDC-42A3-9474-1A3956D46DE8}") = "Infrastructure", "Infrastructure", "{5A90AE10-CB56-4355-B59E-29950010252A}"
EndProject
Project("{FAE04EC0-301F-11D3-BF4B-00C04F79EFBC}") = "EventManagementApi.Infrastructure.Persistence", "Infrastructure\EventManagementApi.Infrastructure.Persistence\EventManagementApi.Infrastructure.Persistence.csproj", "{D1BD0869-8EAE-4435-A38F-A4E5E5FD6F25}"
EndProject
Project("{FAE04EC0-301F-11D3-BF4B-00C04F79EFBC}") = "EventManagementApi.Infrastructure.External", "Infrastructure\EventManagementApi.Infrastructure.External\EventManagementApi.Infrastructure.External.csproj", "{792898B5-CE2B-401C-AD9F-857E802A0C6B}"
EndProject
Global
	GlobalSection(SolutionConfigurationPlatforms) = preSolution
		Debug|Any CPU = Debug|Any CPU
		Release|Any CPU = Release|Any CPU
	EndGlobalSection
	GlobalSection(SolutionProperties) = preSolution
		HideSolutionNode = FALSE
	EndGlobalSection
	GlobalSection(ProjectConfigurationPlatforms) = postSolution
		{B85E7903-9649-4149-9875-BAC3CD8A02D9}.Debug|Any CPU.ActiveCfg = Debug|Any CPU
		{B85E7903-9649-4149-9875-BAC3CD8A02D9}.Debug|Any CPU.Build.0 = Debug|Any CPU
		{B85E7903-9649-4149-9875-BAC3CD8A02D9}.Release|Any CPU.ActiveCfg = Release|Any CPU
		{B85E7903-9649-4149-9875-BAC3CD8A02D9}.Release|Any CPU.Build.0 = Release|Any CPU
		{9EEDB9F8-D86A-4378-A491-2F2C80640539}.Debug|Any CPU.ActiveCfg = Debug|Any CPU
		{9EEDB9F8-D86A-4378-A491-2F2C80640539}.Debug|Any CPU.Build.0 = Debug|Any CPU
		{9EEDB9F8-D86A-4378-A491-2F2C80640539}.Release|Any CPU.ActiveCfg = Release|Any CPU
		{9EEDB9F8-D86A-4378-A491-2F2C80640539}.Release|Any CPU.Build.0 = Release|Any CPU
		{94A2C6BF-4046-4C73-9871-409F06DD1078}.Debug|Any CPU.ActiveCfg = Debug|Any CPU
		{94A2C6BF-4046-4C73-9871-409F06DD1078}.Debug|Any CPU.Build.0 = Debug|Any CPU
		{94A2C6BF-4046-4C73-9871-409F06DD1078}.Release|Any CPU.ActiveCfg = Release|Any CPU
		{94A2C6BF-4046-4C73-9871-409F06DD1078}.Release|Any CPU.Build.0 = Release|Any CPU
		{D1BD0869-8EAE-4435-A38F-A4E5E5FD6F25}.Debug|Any CPU.ActiveCfg = Debug|Any CPU
		{D1BD0869-8EAE-4435-A38F-A4E5E5FD6F25}.Debug|Any CPU.Build.0 = Debug|Any CPU
		{D1BD0869-8EAE-4435-A38F-A4E5E5FD6F25}.Release|Any CPU.ActiveCfg = Release|Any CPU
		{D1BD0869-8EAE-4435-A38F-A4E5E5FD6F25}.Release|Any CPU.Build.0 = Release|Any CPU
		{792898B5-CE2B-401C-AD9F-857E802A0C6B}.Debug|Any CPU.ActiveCfg = Debug|Any CPU
		{792898B5-CE2B-401C-AD9F-857E802A0C6B}.Debug|Any CPU.Build.0 = Debug|Any CPU
		{792898B5-CE2B-401C-AD9F-857E802A0C6B}.Release|Any CPU.ActiveCfg = Release|Any CPU
		{792898B5-CE2B-401C-AD9F-857E802A0C6B}.Release|Any CPU.Build.0 = Release|Any CPU
	EndGlobalSection
	GlobalSection(NestedProjects) = preSolution
		{9EEDB9F8-D86A-4378-A491-2F2C80640539} = {07795D74-A982-4FC1-9D0F-C0E1D6E70240}
		{94A2C6BF-4046-4C73-9871-409F06DD1078} = {07795D74-A982-4FC1-9D0F-C0E1D6E70240}
		{D1BD0869-8EAE-4435-A38F-A4E5E5FD6F25} = {5A90AE10-CB56-4355-B59E-29950010252A}
		{792898B5-CE2B-401C-AD9F-857E802A0C6B} = {5A90AE10-CB56-4355-B59E-29950010252A}
	EndGlobalSection
EndGlobal
